
Microsoft Visual Studio Solution File, Format Version 12.00
# Visual Studio Version 16
VisualStudioVersion = 16.0.30011.22
MinimumVisualStudioVersion = 10.0.40219.1
Project("{FAE04EC0-301F-11D3-BF4B-00C04F79EFBC}") = "Ej_Excepciones", "Ej_Excepciones.csproj", "{ACB672C0-8A66-4274-AB42-F551BD883E8C}"
EndProject
Global
	GlobalSection(SolutionConfigurationPlatforms) = preSolution
		Debug|Any CPU = Debug|Any CPU
		Release|Any CPU = Release|Any CPU
	EndGlobalSection
	GlobalSection(ProjectConfigurationPlatforms) = postSolution
		{ACB672C0-8A66-4274-AB42-F551BD883E8C}.Debug|Any CPU.ActiveCfg = Debug|Any CPU
		{ACB672C0-8A66-4274-AB42-F551BD883E8C}.Debug|Any CPU.Build.0 = Debug|Any CPU
		{ACB672C0-8A66-4274-AB42-F551BD883E8C}.Release|Any CPU.ActiveCfg = Release|Any CPU
		{ACB672C0-8A66-4274-AB42-F551BD883E8C}.Release|Any CPU.Build.0 = Release|Any CPU
	EndGlobalSection
	GlobalSection(SolutionProperties) = preSolution
		HideSolutionNode = FALSE
	EndGlobalSection
	GlobalSection(ExtensibilityGlobals) = postSolution
		SolutionGuid = {C4C0ABBF-71E1-4AEE-9B1C-F8B6BD681AF5}
	EndGlobalSection
EndGlobal
